{
    "version": 3,
    "terraform_version": "0.11.3",
    "serial": 6,
    "lineage": "559d6217-92af-486a-94af-6520dccae509",
    "modules": [
        {
            "path": [
                "root"
            ],
            "outputs": {},
            "resources": {
                "aws_eip.api-eip": {
                    "type": "aws_eip",
                    "depends_on": [
                        "aws_instance.api-instance",
                        "aws_internet_gateway.igw"
                    ],
                    "primary": {
                        "id": "eipalloc-086876345afb92298",
                        "attributes": {
                            "association_id": "eipassoc-0e3ad8ae8c87be0b8",
                            "domain": "vpc",
                            "id": "eipalloc-086876345afb92298",
                            "instance": "i-0e69b46ad9229a0b3",
                            "network_interface": "eni-0598e0afa88010a37",
                            "private_ip": "10.0.0.116",
                            "public_ip": "34.235.97.49",
                            "tags.%": "0",
                            "vpc": "true"
                        },
                        "meta": {
                            "e2bfb730-ecaa-11e6-8f88-34363bc7c4c0": {
                                "delete": 180000000000,
                                "read": 900000000000,
                                "update": 300000000000
                            }
                        },
                        "tainted": false
                    },
                    "deposed": [],
                    "provider": "provider.aws"
                },
                "aws_eip.jenkins-eip": {
                    "type": "aws_eip",
                    "depends_on": [
                        "aws_instance.jenkins-instance",
                        "aws_internet_gateway.igw"
                    ],
                    "primary": {
                        "id": "eipalloc-025bab8c97ef5b9d9",
                        "attributes": {
                            "association_id": "eipassoc-036b119bf17130c64",
                            "domain": "vpc",
                            "id": "eipalloc-025bab8c97ef5b9d9",
                            "instance": "i-0516d79a97e712756",
                            "network_interface": "eni-0c2ae4f948cd33725",
                            "private_ip": "10.0.0.45",
                            "public_ip": "34.235.41.17",
                            "tags.%": "0",
                            "vpc": "true"
                        },
                        "meta": {
                            "e2bfb730-ecaa-11e6-8f88-34363bc7c4c0": {
                                "delete": 180000000000,
                                "read": 900000000000,
                                "update": 300000000000
                            }
                        },
                        "tainted": false
                    },
                    "deposed": [],
                    "provider": "provider.aws"
                },
                "aws_eip.nat-eip": {
                    "type": "aws_eip",
                    "depends_on": [
                        "aws_instance.nat-instance",
                        "aws_internet_gateway.igw"
                    ],
                    "primary": {
                        "id": "eipalloc-0450d029bf177beea",
                        "attributes": {
                            "association_id": "eipassoc-04684d53ca3c45e5f",
                            "domain": "vpc",
                            "id": "eipalloc-0450d029bf177beea",
                            "instance": "i-03b7a34291fc071ea",
                            "network_interface": "eni-0c0ccb8c48802fb07",
                            "private_ip": "10.0.0.89",
                            "public_ip": "35.153.253.46",
                            "tags.%": "0",
                            "vpc": "true"
                        },
                        "meta": {
                            "e2bfb730-ecaa-11e6-8f88-34363bc7c4c0": {
                                "delete": 180000000000,
                                "read": 900000000000,
                                "update": 300000000000
                            }
                        },
                        "tainted": false
                    },
                    "deposed": [],
                    "provider": "provider.aws"
                },
                "aws_instance.api-instance": {
                    "type": "aws_instance",
                    "depends_on": [
                        "aws_security_group.api-instance-sg",
                        "aws_subnet.public-subnet"
                    ],
                    "primary": {
                        "id": "i-0e69b46ad9229a0b3",
                        "attributes": {
                            "ami": "ami-074ac88449455ba97",
                            "associate_public_ip_address": "false",
                            "availability_zone": "us-east-1a",
                            "credit_specification.#": "1",
                            "credit_specification.0.cpu_credits": "standard",
                            "disable_api_termination": "false",
                            "ebs_block_device.#": "0",
                            "ebs_optimized": "false",
                            "ephemeral_block_device.#": "0",
                            "get_password_data": "false",
                            "iam_instance_profile": "",
                            "id": "i-0e69b46ad9229a0b3",
                            "instance_state": "running",
                            "instance_type": "t2.micro",
                            "ipv6_addresses.#": "0",
                            "key_name": "rest",
                            "monitoring": "false",
                            "network_interface.#": "0",
                            "network_interface_id": "eni-0598e0afa88010a37",
                            "password_data": "",
                            "placement_group": "",
                            "primary_network_interface_id": "eni-0598e0afa88010a37",
                            "private_dns": "ip-10-0-0-116.ec2.internal",
                            "private_ip": "10.0.0.116",
                            "public_dns": "",
                            "public_ip": "",
                            "root_block_device.#": "1",
                            "root_block_device.0.delete_on_termination": "true",
                            "root_block_device.0.iops": "100",
                            "root_block_device.0.volume_id": "vol-0e26093347ad7abd6",
                            "root_block_device.0.volume_size": "8",
                            "root_block_device.0.volume_type": "gp2",
                            "security_groups.#": "0",
                            "source_dest_check": "true",
                            "subnet_id": "subnet-096862db1217f2879",
                            "tags.%": "1",
                            "tags.Name": "api-instance",
                            "tenancy": "default",
                            "volume_tags.%": "0",
                            "vpc_security_group_ids.#": "1",
                            "vpc_security_group_ids.2564868107": "sg-0966c830b2a4d90be"
                        },
                        "meta": {
                            "e2bfb730-ecaa-11e6-8f88-34363bc7c4c0": {
                                "create": 600000000000,
                                "delete": 1200000000000,
                                "update": 600000000000
                            },
                            "schema_version": "1"
                        },
                        "tainted": false
                    },
                    "deposed": [],
                    "provider": "provider.aws"
                },
                "aws_instance.jenkins-instance": {
                    "type": "aws_instance",
                    "depends_on": [
                        "aws_security_group.jenkins-instance-sg",
                        "aws_subnet.public-subnet"
                    ],
                    "primary": {
                        "id": "i-0516d79a97e712756",
                        "attributes": {
                            "ami": "ami-0ba8f10a3df3ac8bb",
                            "associate_public_ip_address": "false",
                            "availability_zone": "us-east-1a",
                            "credit_specification.#": "1",
                            "credit_specification.0.cpu_credits": "standard",
                            "disable_api_termination": "false",
                            "ebs_block_device.#": "0",
                            "ebs_optimized": "false",
                            "ephemeral_block_device.#": "0",
                            "get_password_data": "false",
                            "iam_instance_profile": "",
                            "id": "i-0516d79a97e712756",
                            "instance_state": "running",
                            "instance_type": "t2.micro",
                            "ipv6_addresses.#": "0",
                            "key_name": "rest",
                            "monitoring": "false",
                            "network_interface.#": "0",
                            "network_interface_id": "eni-0c2ae4f948cd33725",
                            "password_data": "",
                            "placement_group": "",
                            "primary_network_interface_id": "eni-0c2ae4f948cd33725",
                            "private_dns": "ip-10-0-0-45.ec2.internal",
                            "private_ip": "10.0.0.45",
                            "public_dns": "",
                            "public_ip": "",
                            "root_block_device.#": "1",
                            "root_block_device.0.delete_on_termination": "true",
                            "root_block_device.0.iops": "100",
                            "root_block_device.0.volume_id": "vol-01637c62c7da527cd",
                            "root_block_device.0.volume_size": "8",
                            "root_block_device.0.volume_type": "gp2",
                            "security_groups.#": "0",
                            "source_dest_check": "true",
                            "subnet_id": "subnet-096862db1217f2879",
                            "tags.%": "1",
                            "tags.Name": "jenkins-instance",
                            "tenancy": "default",
                            "volume_tags.%": "0",
                            "vpc_security_group_ids.#": "1",
                            "vpc_security_group_ids.2776381155": "sg-0f7a6cf2b840f3734"
                        },
                        "meta": {
                            "e2bfb730-ecaa-11e6-8f88-34363bc7c4c0": {
                                "create": 600000000000,
                                "delete": 1200000000000,
                                "update": 600000000000
                            },
                            "schema_version": "1"
                        },
                        "tainted": false
                    },
                    "deposed": [],
                    "provider": "provider.aws"
                },
                "aws_instance.nat-instance": {
                    "type": "aws_instance",
                    "depends_on": [
                        "aws_security_group.nat-sg",
                        "aws_subnet.public-subnet"
                    ],
                    "primary": {
                        "id": "i-03b7a34291fc071ea",
                        "attributes": {
                            "ami": "ami-0919cbaf44821c743",
                            "associate_public_ip_address": "false",
                            "availability_zone": "us-east-1a",
                            "credit_specification.#": "1",
                            "credit_specification.0.cpu_credits": "standard",
                            "disable_api_termination": "false",
                            "ebs_block_device.#": "0",
                            "ebs_optimized": "false",
                            "ephemeral_block_device.#": "0",
                            "get_password_data": "false",
                            "iam_instance_profile": "",
                            "id": "i-03b7a34291fc071ea",
                            "instance_state": "running",
                            "instance_type": "t2.micro",
                            "ipv6_addresses.#": "0",
                            "key_name": "rest",
                            "monitoring": "false",
                            "network_interface.#": "0",
                            "network_interface_id": "eni-0c0ccb8c48802fb07",
                            "password_data": "",
                            "placement_group": "",
                            "primary_network_interface_id": "eni-0c0ccb8c48802fb07",
                            "private_dns": "ip-10-0-0-89.ec2.internal",
                            "private_ip": "10.0.0.89",
                            "public_dns": "",
                            "public_ip": "",
                            "root_block_device.#": "1",
                            "root_block_device.0.delete_on_termination": "true",
                            "root_block_device.0.iops": "100",
                            "root_block_device.0.volume_id": "vol-03d84003254741880",
                            "root_block_device.0.volume_size": "8",
                            "root_block_device.0.volume_type": "gp2",
                            "security_groups.#": "0",
                            "source_dest_check": "true",
                            "subnet_id": "subnet-096862db1217f2879",
                            "tags.%": "1",
                            "tags.Name": "vpc-nat",
                            "tenancy": "default",
                            "volume_tags.%": "0",
                            "vpc_security_group_ids.#": "1",
                            "vpc_security_group_ids.1088018753": "sg-0c396f17937894f96"
                        },
                        "meta": {
                            "e2bfb730-ecaa-11e6-8f88-34363bc7c4c0": {
                                "create": 600000000000,
                                "delete": 1200000000000,
                                "update": 600000000000
                            },
                            "schema_version": "1"
                        },
                        "tainted": false
                    },
                    "deposed": [],
                    "provider": "provider.aws"
                },
                "aws_instance.postgres-instance": {
                    "type": "aws_instance",
                    "depends_on": [
                        "aws_security_group.postgres-instance-sg",
                        "aws_subnet.private-subnet"
                    ],
                    "primary": {
                        "id": "i-0dd403a932aa8ea72",
                        "attributes": {
                            "ami": "ami-0a9d49e12beb24c5f",
                            "associate_public_ip_address": "false",
                            "availability_zone": "us-east-1b",
                            "credit_specification.#": "1",
                            "credit_specification.0.cpu_credits": "standard",
                            "disable_api_termination": "false",
                            "ebs_block_device.#": "0",
                            "ebs_optimized": "false",
                            "ephemeral_block_device.#": "0",
                            "get_password_data": "false",
                            "iam_instance_profile": "",
                            "id": "i-0dd403a932aa8ea72",
                            "instance_state": "running",
                            "instance_type": "t2.micro",
                            "ipv6_addresses.#": "0",
                            "key_name": "rest",
                            "monitoring": "false",
                            "network_interface.#": "0",
                            "network_interface_id": "eni-0bcccc70a95342d53",
                            "password_data": "",
                            "placement_group": "",
                            "primary_network_interface_id": "eni-0bcccc70a95342d53",
                            "private_dns": "ip-10-0-1-22.ec2.internal",
                            "private_ip": "10.0.1.22",
                            "public_dns": "",
                            "public_ip": "",
                            "root_block_device.#": "1",
                            "root_block_device.0.delete_on_termination": "true",
                            "root_block_device.0.iops": "100",
                            "root_block_device.0.volume_id": "vol-0634ba319e5bd74b9",
                            "root_block_device.0.volume_size": "8",
                            "root_block_device.0.volume_type": "gp2",
                            "security_groups.#": "0",
                            "source_dest_check": "true",
                            "subnet_id": "subnet-07235291ac11c14b1",
                            "tags.%": "1",
                            "tags.Name": "db-instance",
                            "tenancy": "default",
                            "volume_tags.%": "0",
                            "vpc_security_group_ids.#": "1",
                            "vpc_security_group_ids.3573030485": "sg-0ede8c5a9b73e4e46"
                        },
                        "meta": {
                            "e2bfb730-ecaa-11e6-8f88-34363bc7c4c0": {
                                "create": 600000000000,
                                "delete": 1200000000000,
                                "update": 600000000000
                            },
                            "schema_version": "1"
                        },
                        "tainted": false
                    },
                    "deposed": [],
                    "provider": "provider.aws"
                },
                "aws_internet_gateway.igw": {
                    "type": "aws_internet_gateway",
                    "depends_on": [
                        "aws_vpc.rest-vpc"
                    ],
                    "primary": {
                        "id": "igw-08dfbae10da7bf967",
                        "attributes": {
                            "id": "igw-08dfbae10da7bf967",
                            "tags.%": "1",
                            "tags.Name": "rest-igw",
                            "vpc_id": "vpc-07af8b1d2d1e0ef19"
                        },
                        "meta": {},
                        "tainted": false
                    },
                    "deposed": [],
                    "provider": "provider.aws"
                },
                "aws_network_acl.rest-nacl": {
                    "type": "aws_network_acl",
                    "depends_on": [
                        "aws_vpc.rest-vpc"
                    ],
                    "primary": {
                        "id": "acl-0197b64edf821bb48",
                        "attributes": {
                            "egress.#": "1",
                            "egress.2943206146.action": "allow",
                            "egress.2943206146.cidr_block": "0.0.0.0/0",
                            "egress.2943206146.from_port": "0",
                            "egress.2943206146.icmp_code": "0",
                            "egress.2943206146.icmp_type": "0",
                            "egress.2943206146.ipv6_cidr_block": "",
                            "egress.2943206146.protocol": "-1",
                            "egress.2943206146.rule_no": "2",
                            "egress.2943206146.to_port": "0",
                            "id": "acl-0197b64edf821bb48",
                            "ingress.#": "1",
                            "ingress.1564094202.action": "allow",
                            "ingress.1564094202.cidr_block": "0.0.0.0/0",
                            "ingress.1564094202.from_port": "0",
                            "ingress.1564094202.icmp_code": "0",
                            "ingress.1564094202.icmp_type": "0",
                            "ingress.1564094202.ipv6_cidr_block": "",
                            "ingress.1564094202.protocol": "-1",
                            "ingress.1564094202.rule_no": "1",
                            "ingress.1564094202.to_port": "0",
                            "subnet_ids.#": "0",
                            "tags.%": "1",
                            "tags.Name": "rest-nacl",
                            "vpc_id": "vpc-07af8b1d2d1e0ef19"
                        },
                        "meta": {},
                        "tainted": false
                    },
                    "deposed": [],
                    "provider": "provider.aws"
                },
                "aws_route_table.private-rt2": {
                    "type": "aws_route_table",
                    "depends_on": [
                        "aws_instance.nat-instance",
                        "aws_vpc.rest-vpc"
                    ],
                    "primary": {
                        "id": "rtb-0a9fbbaf5b88c5642",
                        "attributes": {
                            "id": "rtb-0a9fbbaf5b88c5642",
                            "propagating_vgws.#": "0",
                            "route.#": "1",
                            "route.1175455862.cidr_block": "0.0.0.0/0",
                            "route.1175455862.egress_only_gateway_id": "",
                            "route.1175455862.gateway_id": "",
                            "route.1175455862.instance_id": "i-03b7a34291fc071ea",
                            "route.1175455862.ipv6_cidr_block": "",
                            "route.1175455862.nat_gateway_id": "",
                            "route.1175455862.network_interface_id": "eni-0c0ccb8c48802fb07",
                            "route.1175455862.vpc_peering_connection_id": "",
                            "tags.%": "1",
                            "tags.Name": "private-rt",
                            "vpc_id": "vpc-07af8b1d2d1e0ef19"
                        },
                        "meta": {},
                        "tainted": false
                    },
                    "deposed": [],
                    "provider": "provider.aws"
                },
                "aws_route_table.public-rt1": {
                    "type": "aws_route_table",
                    "depends_on": [
                        "aws_internet_gateway.igw",
                        "aws_vpc.rest-vpc"
                    ],
                    "primary": {
                        "id": "rtb-074fd8a34305768b2",
                        "attributes": {
                            "id": "rtb-074fd8a34305768b2",
                            "propagating_vgws.#": "0",
                            "route.#": "1",
                            "route.3649543282.cidr_block": "0.0.0.0/0",
                            "route.3649543282.egress_only_gateway_id": "",
                            "route.3649543282.gateway_id": "igw-08dfbae10da7bf967",
                            "route.3649543282.instance_id": "",
                            "route.3649543282.ipv6_cidr_block": "",
                            "route.3649543282.nat_gateway_id": "",
                            "route.3649543282.network_interface_id": "",
                            "route.3649543282.vpc_peering_connection_id": "",
                            "tags.%": "1",
                            "tags.Name": "public-rt",
                            "vpc_id": "vpc-07af8b1d2d1e0ef19"
                        },
                        "meta": {},
                        "tainted": false
                    },
                    "deposed": [],
                    "provider": "provider.aws"
                },
                "aws_route_table_association.private-sub-association": {
                    "type": "aws_route_table_association",
                    "depends_on": [
                        "aws_route_table.private-rt2",
                        "aws_subnet.private-subnet"
                    ],
                    "primary": {
                        "id": "rtbassoc-028b3515906f8224c",
                        "attributes": {
                            "id": "rtbassoc-028b3515906f8224c",
                            "route_table_id": "rtb-0a9fbbaf5b88c5642",
                            "subnet_id": "subnet-07235291ac11c14b1"
                        },
                        "meta": {},
                        "tainted": false
                    },
                    "deposed": [],
                    "provider": "provider.aws"
                },
                "aws_route_table_association.public-sub-association": {
                    "type": "aws_route_table_association",
                    "depends_on": [
                        "aws_route_table.public-rt1",
                        "aws_subnet.public-subnet"
                    ],
                    "primary": {
                        "id": "rtbassoc-0b170f5d2552db5c1",
                        "attributes": {
                            "id": "rtbassoc-0b170f5d2552db5c1",
                            "route_table_id": "rtb-074fd8a34305768b2",
                            "subnet_id": "subnet-096862db1217f2879"
                        },
                        "meta": {},
                        "tainted": false
                    },
                    "deposed": [],
                    "provider": "provider.aws"
                },
                "aws_security_group.api-instance-sg": {
                    "type": "aws_security_group",
                    "depends_on": [
                        "aws_vpc.rest-vpc"
                    ],
                    "primary": {
                        "id": "sg-0966c830b2a4d90be",
                        "attributes": {
                            "arn": "arn:aws:ec2:us-east-1:574222785290:security-group/sg-0966c830b2a4d90be",
                            "description": "api instance security group",
                            "egress.#": "2",
                            "egress.1799340084.cidr_blocks.#": "1",
                            "egress.1799340084.cidr_blocks.0": "0.0.0.0/0",
                            "egress.1799340084.description": "",
                            "egress.1799340084.from_port": "-1",
                            "egress.1799340084.ipv6_cidr_blocks.#": "0",
                            "egress.1799340084.prefix_list_ids.#": "0",
                            "egress.1799340084.protocol": "icmp",
                            "egress.1799340084.security_groups.#": "0",
                            "egress.1799340084.self": "false",
                            "egress.1799340084.to_port": "-1",
                            "egress.482069346.cidr_blocks.#": "1",
                            "egress.482069346.cidr_blocks.0": "0.0.0.0/0",
                            "egress.482069346.description": "",
                            "egress.482069346.from_port": "0",
                            "egress.482069346.ipv6_cidr_blocks.#": "0",
                            "egress.482069346.prefix_list_ids.#": "0",
                            "egress.482069346.protocol": "-1",
                            "egress.482069346.security_groups.#": "0",
                            "egress.482069346.self": "false",
                            "egress.482069346.to_port": "0",
                            "id": "sg-0966c830b2a4d90be",
                            "ingress.#": "6",
                            "ingress.1624295724.cidr_blocks.#": "1",
                            "ingress.1624295724.cidr_blocks.0": "105.27.99.66/32",
                            "ingress.1624295724.description": "",
                            "ingress.1624295724.from_port": "22",
                            "ingress.1624295724.ipv6_cidr_blocks.#": "0",
                            "ingress.1624295724.protocol": "tcp",
                            "ingress.1624295724.security_groups.#": "0",
                            "ingress.1624295724.self": "false",
                            "ingress.1624295724.to_port": "22",
                            "ingress.1799340084.cidr_blocks.#": "1",
                            "ingress.1799340084.cidr_blocks.0": "0.0.0.0/0",
                            "ingress.1799340084.description": "",
                            "ingress.1799340084.from_port": "-1",
                            "ingress.1799340084.ipv6_cidr_blocks.#": "0",
                            "ingress.1799340084.protocol": "icmp",
                            "ingress.1799340084.security_groups.#": "0",
                            "ingress.1799340084.self": "false",
                            "ingress.1799340084.to_port": "-1",
                            "ingress.2214680975.cidr_blocks.#": "1",
                            "ingress.2214680975.cidr_blocks.0": "0.0.0.0/0",
                            "ingress.2214680975.description": "",
                            "ingress.2214680975.from_port": "80",
                            "ingress.2214680975.ipv6_cidr_blocks.#": "0",
                            "ingress.2214680975.protocol": "tcp",
                            "ingress.2214680975.security_groups.#": "0",
                            "ingress.2214680975.self": "false",
                            "ingress.2214680975.to_port": "80",
                            "ingress.2491066110.cidr_blocks.#": "1",
                            "ingress.2491066110.cidr_blocks.0": "0.0.0.0/0",
                            "ingress.2491066110.description": "",
                            "ingress.2491066110.from_port": "5000",
                            "ingress.2491066110.ipv6_cidr_blocks.#": "0",
                            "ingress.2491066110.protocol": "tcp",
                            "ingress.2491066110.security_groups.#": "0",
                            "ingress.2491066110.self": "false",
                            "ingress.2491066110.to_port": "5000",
                            "ingress.2617001939.cidr_blocks.#": "1",
                            "ingress.2617001939.cidr_blocks.0": "0.0.0.0/0",
                            "ingress.2617001939.description": "",
                            "ingress.2617001939.from_port": "443",
                            "ingress.2617001939.ipv6_cidr_blocks.#": "0",
                            "ingress.2617001939.protocol": "tcp",
                            "ingress.2617001939.security_groups.#": "0",
                            "ingress.2617001939.self": "false",
                            "ingress.2617001939.to_port": "443",
                            "ingress.516175195.cidr_blocks.#": "1",
                            "ingress.516175195.cidr_blocks.0": "0.0.0.0/0",
                            "ingress.516175195.description": "",
                            "ingress.516175195.from_port": "8080",
                            "ingress.516175195.ipv6_cidr_blocks.#": "0",
                            "ingress.516175195.protocol": "tcp",
                            "ingress.516175195.security_groups.#": "0",
                            "ingress.516175195.self": "false",
                            "ingress.516175195.to_port": "8080",
                            "name": "api-instance-sg",
                            "owner_id": "574222785290",
                            "revoke_rules_on_delete": "false",
                            "tags.%": "1",
                            "tags.Name": "api-sg",
                            "vpc_id": "vpc-07af8b1d2d1e0ef19"
                        },
                        "meta": {
                            "e2bfb730-ecaa-11e6-8f88-34363bc7c4c0": {
                                "create": 600000000000,
                                "delete": 600000000000
                            },
                            "schema_version": "1"
                        },
                        "tainted": false
                    },
                    "deposed": [],
                    "provider": "provider.aws"
                },
                "aws_security_group.jenkins-instance-sg": {
                    "type": "aws_security_group",
                    "depends_on": [
                        "aws_vpc.rest-vpc"
                    ],
                    "primary": {
                        "id": "sg-0f7a6cf2b840f3734",
                        "attributes": {
                            "arn": "arn:aws:ec2:us-east-1:574222785290:security-group/sg-0f7a6cf2b840f3734",
                            "description": "jenkins instance security group",
                            "egress.#": "2",
                            "egress.1799340084.cidr_blocks.#": "1",
                            "egress.1799340084.cidr_blocks.0": "0.0.0.0/0",
                            "egress.1799340084.description": "",
                            "egress.1799340084.from_port": "-1",
                            "egress.1799340084.ipv6_cidr_blocks.#": "0",
                            "egress.1799340084.prefix_list_ids.#": "0",
                            "egress.1799340084.protocol": "icmp",
                            "egress.1799340084.security_groups.#": "0",
                            "egress.1799340084.self": "false",
                            "egress.1799340084.to_port": "-1",
                            "egress.482069346.cidr_blocks.#": "1",
                            "egress.482069346.cidr_blocks.0": "0.0.0.0/0",
                            "egress.482069346.description": "",
                            "egress.482069346.from_port": "0",
                            "egress.482069346.ipv6_cidr_blocks.#": "0",
                            "egress.482069346.prefix_list_ids.#": "0",
                            "egress.482069346.protocol": "-1",
                            "egress.482069346.security_groups.#": "0",
                            "egress.482069346.self": "false",
                            "egress.482069346.to_port": "0",
                            "id": "sg-0f7a6cf2b840f3734",
                            "ingress.#": "5",
                            "ingress.1799340084.cidr_blocks.#": "1",
                            "ingress.1799340084.cidr_blocks.0": "0.0.0.0/0",
                            "ingress.1799340084.description": "",
                            "ingress.1799340084.from_port": "-1",
                            "ingress.1799340084.ipv6_cidr_blocks.#": "0",
                            "ingress.1799340084.protocol": "icmp",
                            "ingress.1799340084.security_groups.#": "0",
                            "ingress.1799340084.self": "false",
                            "ingress.1799340084.to_port": "-1",
                            "ingress.2214680975.cidr_blocks.#": "1",
                            "ingress.2214680975.cidr_blocks.0": "0.0.0.0/0",
                            "ingress.2214680975.description": "",
                            "ingress.2214680975.from_port": "80",
                            "ingress.2214680975.ipv6_cidr_blocks.#": "0",
                            "ingress.2214680975.protocol": "tcp",
                            "ingress.2214680975.security_groups.#": "0",
                            "ingress.2214680975.self": "false",
                            "ingress.2214680975.to_port": "80",
                            "ingress.2541437006.cidr_blocks.#": "1",
                            "ingress.2541437006.cidr_blocks.0": "0.0.0.0/0",
                            "ingress.2541437006.description": "",
                            "ingress.2541437006.from_port": "22",
                            "ingress.2541437006.ipv6_cidr_blocks.#": "0",
                            "ingress.2541437006.protocol": "tcp",
                            "ingress.2541437006.security_groups.#": "0",
                            "ingress.2541437006.self": "false",
                            "ingress.2541437006.to_port": "22",
                            "ingress.2617001939.cidr_blocks.#": "1",
                            "ingress.2617001939.cidr_blocks.0": "0.0.0.0/0",
                            "ingress.2617001939.description": "",
                            "ingress.2617001939.from_port": "443",
                            "ingress.2617001939.ipv6_cidr_blocks.#": "0",
                            "ingress.2617001939.protocol": "tcp",
                            "ingress.2617001939.security_groups.#": "0",
                            "ingress.2617001939.self": "false",
                            "ingress.2617001939.to_port": "443",
                            "ingress.516175195.cidr_blocks.#": "1",
                            "ingress.516175195.cidr_blocks.0": "0.0.0.0/0",
                            "ingress.516175195.description": "",
                            "ingress.516175195.from_port": "8080",
                            "ingress.516175195.ipv6_cidr_blocks.#": "0",
                            "ingress.516175195.protocol": "tcp",
                            "ingress.516175195.security_groups.#": "0",
                            "ingress.516175195.self": "false",
                            "ingress.516175195.to_port": "8080",
                            "name": "jenkins-sg",
                            "owner_id": "574222785290",
                            "revoke_rules_on_delete": "false",
                            "tags.%": "1",
                            "tags.Name": "jenkins-sg",
                            "vpc_id": "vpc-07af8b1d2d1e0ef19"
                        },
                        "meta": {
                            "e2bfb730-ecaa-11e6-8f88-34363bc7c4c0": {
                                "create": 600000000000,
                                "delete": 600000000000
                            },
                            "schema_version": "1"
                        },
                        "tainted": false
                    },
                    "deposed": [],
                    "provider": "provider.aws"
                },
                "aws_security_group.nat-sg": {
                    "type": "aws_security_group",
                    "depends_on": [
                        "aws_vpc.rest-vpc"
                    ],
                    "primary": {
                        "id": "sg-0c396f17937894f96",
                        "attributes": {
                            "arn": "arn:aws:ec2:us-east-1:574222785290:security-group/sg-0c396f17937894f96",
                            "description": "Allow access to the private subnet instance",
                            "egress.#": "4",
                            "egress.1799340084.cidr_blocks.#": "1",
                            "egress.1799340084.cidr_blocks.0": "0.0.0.0/0",
                            "egress.1799340084.description": "",
                            "egress.1799340084.from_port": "-1",
                            "egress.1799340084.ipv6_cidr_blocks.#": "0",
                            "egress.1799340084.prefix_list_ids.#": "0",
                            "egress.1799340084.protocol": "icmp",
                            "egress.1799340084.security_groups.#": "0",
                            "egress.1799340084.self": "false",
                            "egress.1799340084.to_port": "-1",
                            "egress.2214680975.cidr_blocks.#": "1",
                            "egress.2214680975.cidr_blocks.0": "0.0.0.0/0",
                            "egress.2214680975.description": "",
                            "egress.2214680975.from_port": "80",
                            "egress.2214680975.ipv6_cidr_blocks.#": "0",
                            "egress.2214680975.prefix_list_ids.#": "0",
                            "egress.2214680975.protocol": "tcp",
                            "egress.2214680975.security_groups.#": "0",
                            "egress.2214680975.self": "false",
                            "egress.2214680975.to_port": "80",
                            "egress.2617001939.cidr_blocks.#": "1",
                            "egress.2617001939.cidr_blocks.0": "0.0.0.0/0",
                            "egress.2617001939.description": "",
                            "egress.2617001939.from_port": "443",
                            "egress.2617001939.ipv6_cidr_blocks.#": "0",
                            "egress.2617001939.prefix_list_ids.#": "0",
                            "egress.2617001939.protocol": "tcp",
                            "egress.2617001939.security_groups.#": "0",
                            "egress.2617001939.self": "false",
                            "egress.2617001939.to_port": "443",
                            "egress.482069346.cidr_blocks.#": "1",
                            "egress.482069346.cidr_blocks.0": "0.0.0.0/0",
                            "egress.482069346.description": "",
                            "egress.482069346.from_port": "0",
                            "egress.482069346.ipv6_cidr_blocks.#": "0",
                            "egress.482069346.prefix_list_ids.#": "0",
                            "egress.482069346.protocol": "-1",
                            "egress.482069346.security_groups.#": "0",
                            "egress.482069346.self": "false",
                            "egress.482069346.to_port": "0",
                            "id": "sg-0c396f17937894f96",
                            "ingress.#": "5",
                            "ingress.1624295724.cidr_blocks.#": "1",
                            "ingress.1624295724.cidr_blocks.0": "105.27.99.66/32",
                            "ingress.1624295724.description": "",
                            "ingress.1624295724.from_port": "22",
                            "ingress.1624295724.ipv6_cidr_blocks.#": "0",
                            "ingress.1624295724.protocol": "tcp",
                            "ingress.1624295724.security_groups.#": "0",
                            "ingress.1624295724.self": "false",
                            "ingress.1624295724.to_port": "22",
                            "ingress.1799340084.cidr_blocks.#": "1",
                            "ingress.1799340084.cidr_blocks.0": "0.0.0.0/0",
                            "ingress.1799340084.description": "",
                            "ingress.1799340084.from_port": "-1",
                            "ingress.1799340084.ipv6_cidr_blocks.#": "0",
                            "ingress.1799340084.protocol": "icmp",
                            "ingress.1799340084.security_groups.#": "0",
                            "ingress.1799340084.self": "false",
                            "ingress.1799340084.to_port": "-1",
                            "ingress.3059443485.cidr_blocks.#": "1",
                            "ingress.3059443485.cidr_blocks.0": "10.0.1.0/24",
                            "ingress.3059443485.description": "",
                            "ingress.3059443485.from_port": "8080",
                            "ingress.3059443485.ipv6_cidr_blocks.#": "0",
                            "ingress.3059443485.protocol": "tcp",
                            "ingress.3059443485.security_groups.#": "0",
                            "ingress.3059443485.self": "false",
                            "ingress.3059443485.to_port": "8080",
                            "ingress.386650288.cidr_blocks.#": "1",
                            "ingress.386650288.cidr_blocks.0": "10.0.1.0/24",
                            "ingress.386650288.description": "",
                            "ingress.386650288.from_port": "80",
                            "ingress.386650288.ipv6_cidr_blocks.#": "0",
                            "ingress.386650288.protocol": "tcp",
                            "ingress.386650288.security_groups.#": "0",
                            "ingress.386650288.self": "false",
                            "ingress.386650288.to_port": "80",
                            "ingress.4211794038.cidr_blocks.#": "1",
                            "ingress.4211794038.cidr_blocks.0": "10.0.1.0/24",
                            "ingress.4211794038.description": "",
                            "ingress.4211794038.from_port": "443",
                            "ingress.4211794038.ipv6_cidr_blocks.#": "0",
                            "ingress.4211794038.protocol": "tcp",
                            "ingress.4211794038.security_groups.#": "0",
                            "ingress.4211794038.self": "false",
                            "ingress.4211794038.to_port": "443",
                            "name": "nat-sg",
                            "owner_id": "574222785290",
                            "revoke_rules_on_delete": "false",
                            "tags.%": "1",
                            "tags.Name": "nat-sg",
                            "vpc_id": "vpc-07af8b1d2d1e0ef19"
                        },
                        "meta": {
                            "e2bfb730-ecaa-11e6-8f88-34363bc7c4c0": {
                                "create": 600000000000,
                                "delete": 600000000000
                            },
                            "schema_version": "1"
                        },
                        "tainted": false
                    },
                    "deposed": [],
                    "provider": "provider.aws"
                },
                "aws_security_group.postgres-instance-sg": {
                    "type": "aws_security_group",
                    "depends_on": [
                        "aws_vpc.rest-vpc"
                    ],
                    "primary": {
                        "id": "sg-0ede8c5a9b73e4e46",
                        "attributes": {
                            "arn": "arn:aws:ec2:us-east-1:574222785290:security-group/sg-0ede8c5a9b73e4e46",
                            "description": "api instance security group",
                            "egress.#": "4",
                            "egress.1799340084.cidr_blocks.#": "1",
                            "egress.1799340084.cidr_blocks.0": "0.0.0.0/0",
                            "egress.1799340084.description": "",
                            "egress.1799340084.from_port": "-1",
                            "egress.1799340084.ipv6_cidr_blocks.#": "0",
                            "egress.1799340084.prefix_list_ids.#": "0",
                            "egress.1799340084.protocol": "icmp",
                            "egress.1799340084.security_groups.#": "0",
                            "egress.1799340084.self": "false",
                            "egress.1799340084.to_port": "-1",
                            "egress.2214680975.cidr_blocks.#": "1",
                            "egress.2214680975.cidr_blocks.0": "0.0.0.0/0",
                            "egress.2214680975.description": "",
                            "egress.2214680975.from_port": "80",
                            "egress.2214680975.ipv6_cidr_blocks.#": "0",
                            "egress.2214680975.prefix_list_ids.#": "0",
                            "egress.2214680975.protocol": "tcp",
                            "egress.2214680975.security_groups.#": "0",
                            "egress.2214680975.self": "false",
                            "egress.2214680975.to_port": "80",
                            "egress.2617001939.cidr_blocks.#": "1",
                            "egress.2617001939.cidr_blocks.0": "0.0.0.0/0",
                            "egress.2617001939.description": "",
                            "egress.2617001939.from_port": "443",
                            "egress.2617001939.ipv6_cidr_blocks.#": "0",
                            "egress.2617001939.prefix_list_ids.#": "0",
                            "egress.2617001939.protocol": "tcp",
                            "egress.2617001939.security_groups.#": "0",
                            "egress.2617001939.self": "false",
                            "egress.2617001939.to_port": "443",
                            "egress.482069346.cidr_blocks.#": "1",
                            "egress.482069346.cidr_blocks.0": "0.0.0.0/0",
                            "egress.482069346.description": "",
                            "egress.482069346.from_port": "0",
                            "egress.482069346.ipv6_cidr_blocks.#": "0",
                            "egress.482069346.prefix_list_ids.#": "0",
                            "egress.482069346.protocol": "-1",
                            "egress.482069346.security_groups.#": "0",
                            "egress.482069346.self": "false",
                            "egress.482069346.to_port": "0",
                            "id": "sg-0ede8c5a9b73e4e46",
                            "ingress.#": "3",
                            "ingress.267302002.cidr_blocks.#": "1",
                            "ingress.267302002.cidr_blocks.0": "10.0.0.0/16",
                            "ingress.267302002.description": "",
                            "ingress.267302002.from_port": "-1",
                            "ingress.267302002.ipv6_cidr_blocks.#": "0",
                            "ingress.267302002.protocol": "icmp",
                            "ingress.267302002.security_groups.#": "0",
                            "ingress.267302002.self": "false",
                            "ingress.267302002.to_port": "-1",
                            "ingress.3576280275.cidr_blocks.#": "1",
                            "ingress.3576280275.cidr_blocks.0": "10.0.0.0/24",
                            "ingress.3576280275.description": "",
                            "ingress.3576280275.from_port": "5432",
                            "ingress.3576280275.ipv6_cidr_blocks.#": "0",
                            "ingress.3576280275.protocol": "tcp",
                            "ingress.3576280275.security_groups.#": "0",
                            "ingress.3576280275.self": "false",
                            "ingress.3576280275.to_port": "5432",
                            "ingress.931551850.cidr_blocks.#": "1",
                            "ingress.931551850.cidr_blocks.0": "10.0.0.0/16",
                            "ingress.931551850.description": "",
                            "ingress.931551850.from_port": "22",
                            "ingress.931551850.ipv6_cidr_blocks.#": "0",
                            "ingress.931551850.protocol": "tcp",
                            "ingress.931551850.security_groups.#": "0",
                            "ingress.931551850.self": "false",
                            "ingress.931551850.to_port": "22",
                            "name": "postgres-instance-sg",
                            "owner_id": "574222785290",
                            "revoke_rules_on_delete": "false",
                            "tags.%": "1",
                            "tags.Name": "database-sg",
                            "vpc_id": "vpc-07af8b1d2d1e0ef19"
                        },
                        "meta": {
                            "e2bfb730-ecaa-11e6-8f88-34363bc7c4c0": {
                                "create": 600000000000,
                                "delete": 600000000000
                            },
                            "schema_version": "1"
                        },
                        "tainted": false
                    },
                    "deposed": [],
                    "provider": "provider.aws"
                },
                "aws_subnet.private-subnet": {
                    "type": "aws_subnet",
                    "depends_on": [
                        "aws_vpc.rest-vpc"
                    ],
                    "primary": {
                        "id": "subnet-07235291ac11c14b1",
                        "attributes": {
                            "assign_ipv6_address_on_creation": "false",
                            "availability_zone": "us-east-1b",
                            "cidr_block": "10.0.1.0/24",
                            "id": "subnet-07235291ac11c14b1",
                            "map_public_ip_on_launch": "false",
                            "tags.%": "1",
                            "tags.Name": "private-sub",
                            "vpc_id": "vpc-07af8b1d2d1e0ef19"
                        },
                        "meta": {
                            "schema_version": "1"
                        },
                        "tainted": false
                    },
                    "deposed": [],
                    "provider": "provider.aws"
                },
                "aws_subnet.public-subnet": {
                    "type": "aws_subnet",
                    "depends_on": [
                        "aws_internet_gateway.igw",
                        "aws_vpc.rest-vpc"
                    ],
                    "primary": {
                        "id": "subnet-096862db1217f2879",
                        "attributes": {
                            "assign_ipv6_address_on_creation": "false",
                            "availability_zone": "us-east-1a",
                            "cidr_block": "10.0.0.0/24",
                            "id": "subnet-096862db1217f2879",
                            "map_public_ip_on_launch": "false",
                            "tags.%": "1",
                            "tags.Name": "public-sub",
                            "vpc_id": "vpc-07af8b1d2d1e0ef19"
                        },
                        "meta": {
                            "schema_version": "1"
                        },
                        "tainted": false
                    },
                    "deposed": [],
                    "provider": "provider.aws"
                },
                "aws_vpc.rest-vpc": {
                    "type": "aws_vpc",
                    "depends_on": [],
                    "primary": {
                        "id": "vpc-07af8b1d2d1e0ef19",
                        "attributes": {
                            "assign_generated_ipv6_cidr_block": "false",
                            "cidr_block": "10.0.0.0/16",
                            "default_network_acl_id": "acl-007a560200292b059",
                            "default_route_table_id": "rtb-05f201bd7908b85fd",
                            "default_security_group_id": "sg-0b452c73e6ef1ea9e",
                            "dhcp_options_id": "dopt-a1bb90d9",
                            "enable_classiclink": "false",
                            "enable_classiclink_dns_support": "false",
                            "enable_dns_hostnames": "false",
                            "enable_dns_support": "true",
                            "id": "vpc-07af8b1d2d1e0ef19",
                            "instance_tenancy": "default",
                            "main_route_table_id": "rtb-05f201bd7908b85fd",
                            "tags.%": "1",
                            "tags.Name": "aws-rest-vpc"
                        },
                        "meta": {
                            "schema_version": "1"
                        },
                        "tainted": false
                    },
                    "deposed": [],
                    "provider": "provider.aws"
                }
            },
            "depends_on": []
        }
    ]
}
